
Microsoft Visual Studio Solution File, Format Version 12.00
# Visual Studio 15
VisualStudioVersion = 15.0.27703.2035
MinimumVisualStudioVersion = 10.0.40219.1
Project("{FAE04EC0-301F-11D3-BF4B-00C04F79EFBC}") = "Vidly", "Vidly\Vidly.csproj", "{AC1D81A8-83B6-4B09-BE77-FE75B0451A05}"
EndProject
Global
	GlobalSection(SolutionConfigurationPlatforms) = preSolution
		Debug|Any CPU = Debug|Any CPU
		Release|Any CPU = Release|Any CPU
	EndGlobalSection
	GlobalSection(ProjectConfigurationPlatforms) = postSolution
		{AC1D81A8-83B6-4B09-BE77-FE75B0451A05}.Debug|Any CPU.ActiveCfg = Debug|Any CPU
		{AC1D81A8-83B6-4B09-BE77-FE75B0451A05}.Debug|Any CPU.Build.0 = Debug|Any CPU
		{AC1D81A8-83B6-4B09-BE77-FE75B0451A05}.Release|Any CPU.ActiveCfg = Release|Any CPU
		{AC1D81A8-83B6-4B09-BE77-FE75B0451A05}.Release|Any CPU.Build.0 = Release|Any CPU
	EndGlobalSection
	GlobalSection(SolutionProperties) = preSolution
		HideSolutionNode = FALSE
	EndGlobalSection
	GlobalSection(ExtensibilityGlobals) = postSolution
		SolutionGuid = {5847B43C-51B0-4789-9AC2-B871B9AAC0AF}
	EndGlobalSection
EndGlobal
